// !$*UTF8*$!
{
	archiveVersion = 1;
	classes = {
	};
	objectVersion = 46;
	objects = {

/* Begin PBXBuildFile section */
		13D785991B73D0C000EFFB33 /* zip3.dbf in Resources */ = {isa = PBXBuildFile; fileRef = 13D785961B73D0C000EFFB33 /* zip3.dbf */; };
		13D7859A1B73D0C000EFFB33 /* zip3.shp in Resources */ = {isa = PBXBuildFile; fileRef = 13D785971B73D0C000EFFB33 /* zip3.shp */; };
		13D7859B1B73D0C000EFFB33 /* zip3.shx in Resources */ = {isa = PBXBuildFile; fileRef = 13D785981B73D0C000EFFB33 /* zip3.shx */; };
		1D3623260D0F684500981E51 /* TestObjCShapefileAppDelegate.m in Sources */ = {isa = PBXBuildFile; fileRef = 1D3623250D0F684500981E51 /* TestObjCShapefileAppDelegate.m */; };
		1D60589B0D05DD56006BFB54 /* main.m in Sources */ = {isa = PBXBuildFile; fileRef = 29B97316FDCFA39411CA2CEA /* main.m */; };
		1D60589F0D05DD5A006BFB54 /* Foundation.framework in Frameworks */ = {isa = PBXBuildFile; fileRef = 1D30AB110D05D00D00671497 /* Foundation.framework */; };
		1DF5F4E00D08C38300B7A737 /* UIKit.framework in Frameworks */ = {isa = PBXBuildFile; fileRef = 1DF5F4DF0D08C38300B7A737 /* UIKit.framework */; };
		288765A50DF7441C002DB57D /* CoreGraphics.framework in Frameworks */ = {isa = PBXBuildFile; fileRef = 288765A40DF7441C002DB57D /* CoreGraphics.framework */; };
		2899E5220DE3E06400AC0155 /* TestObjCShapefileViewController.xib in Resources */ = {isa = PBXBuildFile; fileRef = 2899E5210DE3E06400AC0155 /* TestObjCShapefileViewController.xib */; };
		28AD733F0D9D9553002E5188 /* MainWindow.xib in Resources */ = {isa = PBXBuildFile; fileRef = 28AD733E0D9D9553002E5188 /* MainWindow.xib */; };
		28D7ACF80DDB3853001CB0EB /* TestObjCShapefileViewController.m in Sources */ = {isa = PBXBuildFile; fileRef = 28D7ACF70DDB3853001CB0EB /* TestObjCShapefileViewController.m */; };
		37A3905D125A400A00DD86BC /* ShapePolyline.m in Sources */ = {isa = PBXBuildFile; fileRef = 37A39056125A400A00DD86BC /* ShapePolyline.m */; };
		37A3905E125A400A00DD86BC /* Shapefile.m in Sources */ = {isa = PBXBuildFile; fileRef = 37A39058125A400A00DD86BC /* Shapefile.m */; };
		37EC6E73125AA318009B360D /* CoreLocation.framework in Frameworks */ = {isa = PBXBuildFile; fileRef = 37EC6E72125AA318009B360D /* CoreLocation.framework */; };
		37EC6E77125AA322009B360D /* MapKit.framework in Frameworks */ = {isa = PBXBuildFile; fileRef = 37EC6E76125AA322009B360D /* MapKit.framework */; };
/* End PBXBuildFile section */

/* Begin PBXFileReference section */
		13D785961B73D0C000EFFB33 /* zip3.dbf */ = {isa = PBXFileReference; lastKnownFileType = file; name = zip3.dbf; path = ZIP3/zip3.dbf; sourceTree = "<group>"; };
		13D785971B73D0C000EFFB33 /* zip3.shp */ = {isa = PBXFileReference; lastKnownFileType = file; name = zip3.shp; path = ZIP3/zip3.shp; sourceTree = "<group>"; };
		13D785981B73D0C000EFFB33 /* zip3.shx */ = {isa = PBXFileReference; lastKnownFileType = file; name = zip3.shx; path = ZIP3/zip3.shx; sourceTree = "<group>"; };
		1D30AB110D05D00D00671497 /* Foundation.framework */ = {isa = PBXFileReference; lastKnownFileType = wrapper.framework; name = Foundation.framework; path = System/Library/Frameworks/Foundation.framework; sourceTree = SDKROOT; };
		1D3623240D0F684500981E51 /* TestObjCShapefileAppDelegate.h */ = {isa = PBXFileReference; fileEncoding = 4; lastKnownFileType = sourcecode.c.h; path = TestObjCShapefileAppDelegate.h; sourceTree = "<group>"; };
		1D3623250D0F684500981E51 /* TestObjCShapefileAppDelegate.m */ = {isa = PBXFileReference; fileEncoding = 4; lastKnownFileType = sourcecode.c.objc; path = TestObjCShapefileAppDelegate.m; sourceTree = "<group>"; };
		1D6058910D05DD3D006BFB54 /* TestObjCShapefile.app */ = {isa = PBXFileReference; explicitFileType = wrapper.application; includeInIndex = 0; name = TestObjCShapefile.app; path = "/Users/tomgarske/Development/iOS-Zip3-Mapkit/iOS-Shapefile/build/Debug-iphoneos/TestObjCShapefile.app"; sourceTree = "<absolute>"; };
		1DF5F4DF0D08C38300B7A737 /* UIKit.framework */ = {isa = PBXFileReference; lastKnownFileType = wrapper.framework; name = UIKit.framework; path = System/Library/Frameworks/UIKit.framework; sourceTree = SDKROOT; };
		288765A40DF7441C002DB57D /* CoreGraphics.framework */ = {isa = PBXFileReference; lastKnownFileType = wrapper.framework; name = CoreGraphics.framework; path = System/Library/Frameworks/CoreGraphics.framework; sourceTree = SDKROOT; };
		2899E5210DE3E06400AC0155 /* TestObjCShapefileViewController.xib */ = {isa = PBXFileReference; lastKnownFileType = file.xib; path = TestObjCShapefileViewController.xib; sourceTree = "<group>"; };
		28AD733E0D9D9553002E5188 /* MainWindow.xib */ = {isa = PBXFileReference; lastKnownFileType = file.xib; path = MainWindow.xib; sourceTree = "<group>"; };
		28D7ACF60DDB3853001CB0EB /* TestObjCShapefileViewController.h */ = {isa = PBXFileReference; fileEncoding = 4; lastKnownFileType = sourcecode.c.h; path = TestObjCShapefileViewController.h; sourceTree = "<group>"; };
		28D7ACF70DDB3853001CB0EB /* TestObjCShapefileViewController.m */ = {isa = PBXFileReference; fileEncoding = 4; lastKnownFileType = sourcecode.c.objc; path = TestObjCShapefileViewController.m; sourceTree = "<group>"; };
		29B97316FDCFA39411CA2CEA /* main.m */ = {isa = PBXFileReference; fileEncoding = 4; lastKnownFileType = sourcecode.c.objc; path = main.m; sourceTree = "<group>"; };
		37A39055125A400A00DD86BC /* ShapePolyline.h */ = {isa = PBXFileReference; fileEncoding = 4; lastKnownFileType = sourcecode.c.h; name = ShapePolyline.h; path = Classes/ShapePolyline.h; sourceTree = SOURCE_ROOT; };
		37A39056125A400A00DD86BC /* ShapePolyline.m */ = {isa = PBXFileReference; fileEncoding = 4; lastKnownFileType = sourcecode.c.objc; name = ShapePolyline.m; path = Classes/ShapePolyline.m; sourceTree = SOURCE_ROOT; };
		37A39057125A400A00DD86BC /* Shapefile.h */ = {isa = PBXFileReference; fileEncoding = 4; lastKnownFileType = sourcecode.c.h; name = Shapefile.h; path = Classes/Shapefile.h; sourceTree = SOURCE_ROOT; };
		37A39058125A400A00DD86BC /* Shapefile.m */ = {isa = PBXFileReference; fileEncoding = 4; lastKnownFileType = sourcecode.c.objc; name = Shapefile.m; path = Classes/Shapefile.m; sourceTree = SOURCE_ROOT; };
		37EC6E72125AA318009B360D /* CoreLocation.framework */ = {isa = PBXFileReference; lastKnownFileType = wrapper.framework; name = CoreLocation.framework; path = System/Library/Frameworks/CoreLocation.framework; sourceTree = SDKROOT; };
		37EC6E76125AA322009B360D /* MapKit.framework */ = {isa = PBXFileReference; lastKnownFileType = wrapper.framework; name = MapKit.framework; path = System/Library/Frameworks/MapKit.framework; sourceTree = SDKROOT; };
		8D1107310486CEB800E47090 /* TestObjCShapefile-Info.plist */ = {isa = PBXFileReference; fileEncoding = 4; lastKnownFileType = text.plist.xml; path = "TestObjCShapefile-Info.plist"; plistStructureDefinitionIdentifier = "com.apple.xcode.plist.structure-definition.iphone.info-plist"; sourceTree = "<group>"; };
/* End PBXFileReference section */

/* Begin PBXFrameworksBuildPhase section */
		1D60588F0D05DD3D006BFB54 /* Frameworks */ = {
			isa = PBXFrameworksBuildPhase;
			buildActionMask = 2147483647;
			files = (
				1D60589F0D05DD5A006BFB54 /* Foundation.framework in Frameworks */,
				1DF5F4E00D08C38300B7A737 /* UIKit.framework in Frameworks */,
				288765A50DF7441C002DB57D /* CoreGraphics.framework in Frameworks */,
				37EC6E73125AA318009B360D /* CoreLocation.framework in Frameworks */,
				37EC6E77125AA322009B360D /* MapKit.framework in Frameworks */,
			);
			runOnlyForDeploymentPostprocessing = 0;
		};
/* End PBXFrameworksBuildPhase section */

/* Begin PBXGroup section */
		080E96DDFE201D6D7F000001 /* Classes */ = {
			isa = PBXGroup;
			children = (
				37A39055125A400A00DD86BC /* ShapePolyline.h */,
				37A39056125A400A00DD86BC /* ShapePolyline.m */,
				37A39057125A400A00DD86BC /* Shapefile.h */,
				37A39058125A400A00DD86BC /* Shapefile.m */,
				1D3623240D0F684500981E51 /* TestObjCShapefileAppDelegate.h */,
				1D3623250D0F684500981E51 /* TestObjCShapefileAppDelegate.m */,
				28D7ACF60DDB3853001CB0EB /* TestObjCShapefileViewController.h */,
				28D7ACF70DDB3853001CB0EB /* TestObjCShapefileViewController.m */,
			);
			path = Classes;
			sourceTree = "<group>";
		};
		13D785951B73D0B500EFFB33 /* Zip3 */ = {
			isa = PBXGroup;
			children = (
				13D785961B73D0C000EFFB33 /* zip3.dbf */,
				13D785971B73D0C000EFFB33 /* zip3.shp */,
				13D785981B73D0C000EFFB33 /* zip3.shx */,
			);
			name = Zip3;
			sourceTree = "<group>";
		};
		29B97314FDCFA39411CA2CEA /* CustomTemplate */ = {
			isa = PBXGroup;
			children = (
				080E96DDFE201D6D7F000001 /* Classes */,
				29B97315FDCFA39411CA2CEA /* Other Sources */,
				29B97317FDCFA39411CA2CEA /* Resources */,
				29B97323FDCFA39411CA2CEA /* Frameworks */,
			);
			name = CustomTemplate;
			sourceTree = "<group>";
		};
		29B97315FDCFA39411CA2CEA /* Other Sources */ = {
			isa = PBXGroup;
			children = (
				29B97316FDCFA39411CA2CEA /* main.m */,
			);
			name = "Other Sources";
			sourceTree = "<group>";
		};
		29B97317FDCFA39411CA2CEA /* Resources */ = {
			isa = PBXGroup;
			children = (
				37AB235616D7CF5D00A113D0 /* Data */,
				2899E5210DE3E06400AC0155 /* TestObjCShapefileViewController.xib */,
				28AD733E0D9D9553002E5188 /* MainWindow.xib */,
				8D1107310486CEB800E47090 /* TestObjCShapefile-Info.plist */,
			);
			name = Resources;
			sourceTree = "<group>";
		};
		29B97323FDCFA39411CA2CEA /* Frameworks */ = {
			isa = PBXGroup;
			children = (
				1DF5F4DF0D08C38300B7A737 /* UIKit.framework */,
				1D30AB110D05D00D00671497 /* Foundation.framework */,
				288765A40DF7441C002DB57D /* CoreGraphics.framework */,
				37EC6E72125AA318009B360D /* CoreLocation.framework */,
				37EC6E76125AA322009B360D /* MapKit.framework */,
			);
			name = Frameworks;
			sourceTree = "<group>";
		};
		37AB235616D7CF5D00A113D0 /* Data */ = {
			isa = PBXGroup;
			children = (
				13D785951B73D0B500EFFB33 /* Zip3 */,
			);
			path = Data;
			sourceTree = "<group>";
		};
/* End PBXGroup section */

/* Begin PBXNativeTarget section */
		1D6058900D05DD3D006BFB54 /* TestObjCShapefile */ = {
			isa = PBXNativeTarget;
			buildConfigurationList = 1D6058960D05DD3E006BFB54 /* Build configuration list for PBXNativeTarget "TestObjCShapefile" */;
			buildPhases = (
				1D60588D0D05DD3D006BFB54 /* Resources */,
				1D60588E0D05DD3D006BFB54 /* Sources */,
				1D60588F0D05DD3D006BFB54 /* Frameworks */,
			);
			buildRules = (
			);
			dependencies = (
			);
			name = TestObjCShapefile;
			productName = TestObjCShapefile;
			productReference = 1D6058910D05DD3D006BFB54 /* TestObjCShapefile.app */;
			productType = "com.apple.product-type.application";
		};
/* End PBXNativeTarget section */

/* Begin PBXProject section */
		29B97313FDCFA39411CA2CEA /* Project object */ = {
			isa = PBXProject;
			attributes = {
				LastUpgradeCheck = 0640;
			};
			buildConfigurationList = C01FCF4E08A954540054247B /* Build configuration list for PBXProject "TestObjCShapefile" */;
			compatibilityVersion = "Xcode 3.2";
			developmentRegion = English;
			hasScannedForEncodings = 1;
			knownRegions = (
				English,
				Japanese,
				French,
				German,
			);
			mainGroup = 29B97314FDCFA39411CA2CEA /* CustomTemplate */;
			projectDirPath = "";
			projectRoot = "";
			targets = (
				1D6058900D05DD3D006BFB54 /* TestObjCShapefile */,
			);
		};
/* End PBXProject section */

/* Begin PBXResourcesBuildPhase section */
		1D60588D0D05DD3D006BFB54 /* Resources */ = {
			isa = PBXResourcesBuildPhase;
			buildActionMask = 2147483647;
			files = (
				13D7859B1B73D0C000EFFB33 /* zip3.shx in Resources */,
				28AD733F0D9D9553002E5188 /* MainWindow.xib in Resources */,
				2899E5220DE3E06400AC0155 /* TestObjCShapefileViewController.xib in Resources */,
				13D785991B73D0C000EFFB33 /* zip3.dbf in Resources */,
				13D7859A1B73D0C000EFFB33 /* zip3.shp in Resources */,
			);
			runOnlyForDeploymentPostprocessing = 0;
		};
/* End PBXResourcesBuildPhase section */

/* Begin PBXSourcesBuildPhase section */
		1D60588E0D05DD3D006BFB54 /* Sources */ = {
			isa = PBXSourcesBuildPhase;
			buildActionMask = 2147483647;
			files = (
				1D60589B0D05DD56006BFB54 /* main.m in Sources */,
				1D3623260D0F684500981E51 /* TestObjCShapefileAppDelegate.m in Sources */,
				28D7ACF80DDB3853001CB0EB /* TestObjCShapefileViewController.m in Sources */,
				37A3905D125A400A00DD86BC /* ShapePolyline.m in Sources */,
				37A3905E125A400A00DD86BC /* Shapefile.m in Sources */,
			);
			runOnlyForDeploymentPostprocessing = 0;
		};
/* End PBXSourcesBuildPhase section */

/* Begin XCBuildConfiguration section */
		1D6058940D05DD3E006BFB54 /* Debug */ = {
			isa = XCBuildConfiguration;
			buildSettings = {
				ALWAYS_SEARCH_USER_PATHS = NO;
				CODE_SIGN_IDENTITY = "iPhone Developer";
				COPY_PHASE_STRIP = NO;
				FRAMEWORK_SEARCH_PATHS = "";
				GCC_DYNAMIC_NO_PIC = NO;
				GCC_OPTIMIZATION_LEVEL = 0;
				GCC_PRECOMPILE_PREFIX_HEADER = YES;
				GCC_PREFIX_HEADER = "";
				GCC_VERSION = "";
				HEADER_SEARCH_PATHS = "";
				INFOPLIST_FILE = "TestObjCShapefile-Info.plist";
				IPHONEOS_DEPLOYMENT_TARGET = 6.1;
				PRECOMPS_INCLUDE_HEADERS_FROM_BUILT_PRODUCTS_DIR = NO;
				PRODUCT_NAME = TestObjCShapefile;
			};
			name = Debug;
		};
		1D6058950D05DD3E006BFB54 /* Release */ = {
			isa = XCBuildConfiguration;
			buildSettings = {
				ALWAYS_SEARCH_USER_PATHS = NO;
				CODE_SIGN_IDENTITY = "iPhone Developer";
				COPY_PHASE_STRIP = YES;
				FRAMEWORK_SEARCH_PATHS = "";
				GCC_PRECOMPILE_PREFIX_HEADER = YES;
				GCC_PREFIX_HEADER = "";
				GCC_VERSION = "";
				HEADER_SEARCH_PATHS = "";
				INFOPLIST_FILE = "TestObjCShapefile-Info.plist";
				IPHONEOS_DEPLOYMENT_TARGET = 6.1;
				PRECOMPS_INCLUDE_HEADERS_FROM_BUILT_PRODUCTS_DIR = NO;
				PRODUCT_NAME = TestObjCShapefile;
				VALIDATE_PRODUCT = YES;
			};
			name = Release;
		};
		C01FCF4F08A954540054247B /* Debug */ = {
			isa = XCBuildConfiguration;
			buildSettings = {
				"CODE_SIGN_IDENTITY[sdk=iphoneos*]" = "iPhone Developer";
				FRAMEWORK_SEARCH_PATHS = "\"./Frameworks/Proj.4/\"/**";
				GCC_C_LANGUAGE_STANDARD = c99;
				GCC_VERSION = com.apple.compilers.llvmgcc42;
				GCC_WARN_ABOUT_RETURN_TYPE = YES;
				GCC_WARN_UNUSED_VARIABLE = YES;
				HEADER_SEARCH_PATHS = "\"./Frameworks/Proj.4/\"/**";
				IPHONEOS_DEPLOYMENT_TARGET = 3.2;
				ONLY_ACTIVE_ARCH = YES;
				PREBINDING = NO;
				PRECOMPS_INCLUDE_HEADERS_FROM_BUILT_PRODUCTS_DIR = NO;
				SDKROOT = iphoneos;
				SHARED_PRECOMPS_DIR = "";
				TARGETED_DEVICE_FAMILY = 2;
			};
			name = Debug;
		};
		C01FCF5008A954540054247B /* Release */ = {
			isa = XCBuildConfiguration;
			buildSettings = {
				"CODE_SIGN_IDENTITY[sdk=iphoneos*]" = "iPhone Developer";
				FRAMEWORK_SEARCH_PATHS = "\"./Frameworks/Proj.4/\"/**";
				GCC_C_LANGUAGE_STANDARD = c99;
				GCC_VERSION = com.apple.compilers.llvmgcc42;
				GCC_WARN_ABOUT_RETURN_TYPE = YES;
				GCC_WARN_UNUSED_VARIABLE = YES;
				HEADER_SEARCH_PATHS = "\"./Frameworks/Proj.4/\"/**";
				IPHONEOS_DEPLOYMENT_TARGET = 3.2;
				LLVM_LTO = YES;
				OTHER_CFLAGS = "-DNS_BLOCK_ASSERTIONS=1";
				PREBINDING = NO;
				PRECOMPS_INCLUDE_HEADERS_FROM_BUILT_PRODUCTS_DIR = NO;
				SDKROOT = iphoneos;
				SHARED_PRECOMPS_DIR = "";
				TARGETED_DEVICE_FAMILY = 2;
			};
			name = Release;
		};
/* End XCBuildConfiguration section */

/* Begin XCConfigurationList section */
		1D6058960D05DD3E006BFB54 /* Build configuration list for PBXNativeTarget "TestObjCShapefile" */ = {
			isa = XCConfigurationList;
			buildConfigurations = (
				1D6058940D05DD3E006BFB54 /* Debug */,
				1D6058950D05DD3E006BFB54 /* Release */,
			);
			defaultConfigurationIsVisible = 0;
			defaultConfigurationName = Release;
		};
		C01FCF4E08A954540054247B /* Build configuration list for PBXProject "TestObjCShapefile" */ = {
			isa = XCConfigurationList;
			buildConfigurations = (
				C01FCF4F08A954540054247B /* Debug */,
				C01FCF5008A954540054247B /* Release */,
			);
			defaultConfigurationIsVisible = 0;
			defaultConfigurationName = Release;
		};
/* End XCConfigurationList section */
	};
	rootObject = 29B97313FDCFA39411CA2CEA /* Project object */;
}
